PODS:
  - SwiftSocket (2.0.2)

DEPENDENCIES:
  - SwiftSocket (from `https://github.com/anotheros/SwiftSocket.git`)

EXTERNAL SOURCES:
  SwiftSocket:
    :git: https://github.com/anotheros/SwiftSocket.git

CHECKOUT OPTIONS:
  SwiftSocket:
    :commit: 65922ad4e8800497f72e8e20ba15cbf212136d70
    :git: https://github.com/anotheros/SwiftSocket.git

SPEC CHECKSUMS:
  SwiftSocket: c8d482e867ae4d3eb4c769e9382e123c1f1f833b

PODFILE CHECKSUM: 765965ee0ab32757b271aa17b39d85f8f5b2ecab

COCOAPODS: 1.12.0
