// !$*UTF8*$!
{
	archiveVersion = 1;
	classes = {
	};
	objectVersion = 56;
	objects = {

/* Begin PBXBuildFile section */
		96A6063C29D102E800FC98F2 /* Saving.swift in Sources */ = {isa = PBXBuildFile; fileRef = 96A6063B29D102E800FC98F2 /* Saving.swift */; };
		96DDBA6529CE396000165A9F /* DriverDash.swift in Sources */ = {isa = PBXBuildFile; fileRef = 96DDBA6429CE396000165A9F /* DriverDash.swift */; };
		96DDBA6729CE396000165A9F /* DataView.swift in Sources */ = {isa = PBXBuildFile; fileRef = 96DDBA6629CE396000165A9F /* DataView.swift */; };
		96DDBA6929CE396100165A9F /* Assets.xcassets in Resources */ = {isa = PBXBuildFile; fileRef = 96DDBA6829CE396100165A9F /* Assets.xcassets */; };
		96DDBA6C29CE396100165A9F /* Preview Assets.xcassets in Resources */ = {isa = PBXBuildFile; fileRef = 96DDBA6B29CE396100165A9F /* Preview Assets.xcassets */; };
		96DDBA7429CED51A00165A9F /* DriverDashModel.swift in Sources */ = {isa = PBXBuildFile; fileRef = 96DDBA7329CED51A00165A9F /* DriverDashModel.swift */; };
		96DDBA7629CF503900165A9F /* Packets.swift in Sources */ = {isa = PBXBuildFile; fileRef = 96DDBA7529CF503900165A9F /* Packets.swift */; };
		A3D2D3AAAD42FA3E6AEFE072 /* Pods_driver_dash_2023.framework in Frameworks */ = {isa = PBXBuildFile; fileRef = 4C36EEBAD79918737A62BD4E /* Pods_driver_dash_2023.framework */; };
/* End PBXBuildFile section */

/* Begin PBXFileReference section */
		4C36EEBAD79918737A62BD4E /* Pods_driver_dash_2023.framework */ = {isa = PBXFileReference; explicitFileType = wrapper.framework; includeInIndex = 0; path = Pods_driver_dash_2023.framework; sourceTree = BUILT_PRODUCTS_DIR; };
		96A6063B29D102E800FC98F2 /* Saving.swift */ = {isa = PBXFileReference; lastKnownFileType = sourcecode.swift; path = Saving.swift; sourceTree = "<group>"; };
		96DDBA6129CE396000165A9F /* DriverDash.app */ = {isa = PBXFileReference; explicitFileType = wrapper.application; includeInIndex = 0; path = DriverDash.app; sourceTree = BUILT_PRODUCTS_DIR; };
		96DDBA6429CE396000165A9F /* DriverDash.swift */ = {isa = PBXFileReference; lastKnownFileType = sourcecode.swift; path = DriverDash.swift; sourceTree = "<group>"; };
		96DDBA6629CE396000165A9F /* DataView.swift */ = {isa = PBXFileReference; lastKnownFileType = sourcecode.swift; path = DataView.swift; sourceTree = "<group>"; };
		96DDBA6829CE396100165A9F /* Assets.xcassets */ = {isa = PBXFileReference; lastKnownFileType = folder.assetcatalog; path = Assets.xcassets; sourceTree = "<group>"; };
		96DDBA6B29CE396100165A9F /* Preview Assets.xcassets */ = {isa = PBXFileReference; lastKnownFileType = folder.assetcatalog; path = "Preview Assets.xcassets"; sourceTree = "<group>"; };
		96DDBA7229CE481600165A9F /* Info.plist */ = {isa = PBXFileReference; lastKnownFileType = text.plist; path = Info.plist; sourceTree = "<group>"; };
		96DDBA7329CED51A00165A9F /* DriverDashModel.swift */ = {isa = PBXFileReference; lastKnownFileType = sourcecode.swift; path = DriverDashModel.swift; sourceTree = "<group>"; };
		96DDBA7529CF503900165A9F /* Packets.swift */ = {isa = PBXFileReference; lastKnownFileType = sourcecode.swift; path = Packets.swift; sourceTree = "<group>"; };
		CFE4A190213BDEC6F6E38190 /* Pods-driver-dash-2023.debug.xcconfig */ = {isa = PBXFileReference; includeInIndex = 1; lastKnownFileType = text.xcconfig; name = "Pods-driver-dash-2023.debug.xcconfig"; path = "Target Support Files/Pods-driver-dash-2023/Pods-driver-dash-2023.debug.xcconfig"; sourceTree = "<group>"; };
		DD4C151644EEC88F59735C55 /* Pods-driver-dash-2023.release.xcconfig */ = {isa = PBXFileReference; includeInIndex = 1; lastKnownFileType = text.xcconfig; name = "Pods-driver-dash-2023.release.xcconfig"; path = "Target Support Files/Pods-driver-dash-2023/Pods-driver-dash-2023.release.xcconfig"; sourceTree = "<group>"; };
/* End PBXFileReference section */

/* Begin PBXFrameworksBuildPhase section */
		96DDBA5E29CE396000165A9F /* Frameworks */ = {
			isa = PBXFrameworksBuildPhase;
			buildActionMask = 2147483647;
			files = (
				A3D2D3AAAD42FA3E6AEFE072 /* Pods_driver_dash_2023.framework in Frameworks */,
			);
			runOnlyForDeploymentPostprocessing = 0;
		};
/* End PBXFrameworksBuildPhase section */

/* Begin PBXGroup section */
		8DC230C42EB00B91E950BB2B /* Frameworks */ = {
			isa = PBXGroup;
			children = (
				4C36EEBAD79918737A62BD4E /* Pods_driver_dash_2023.framework */,
			);
			name = Frameworks;
			sourceTree = "<group>";
		};
		96DDBA5829CE396000165A9F = {
			isa = PBXGroup;
			children = (
				96DDBA6329CE396000165A9F /* driver-dash-2023 */,
				96DDBA6229CE396000165A9F /* Products */,
				BFF4A6ECAE189687995DB853 /* Pods */,
				8DC230C42EB00B91E950BB2B /* Frameworks */,
			);
			sourceTree = "<group>";
		};
		96DDBA6229CE396000165A9F /* Products */ = {
			isa = PBXGroup;
			children = (
				96DDBA6129CE396000165A9F /* DriverDash.app */,
			);
			name = Products;
			sourceTree = "<group>";
		};
		96DDBA6329CE396000165A9F /* driver-dash-2023 */ = {
			isa = PBXGroup;
			children = (
				96DDBA7229CE481600165A9F /* Info.plist */,
				96A6063B29D102E800FC98F2 /* Saving.swift */,
				96DDBA6429CE396000165A9F /* DriverDash.swift */,
				96DDBA7329CED51A00165A9F /* DriverDashModel.swift */,
				96DDBA6629CE396000165A9F /* DataView.swift */,
				96DDBA7529CF503900165A9F /* Packets.swift */,
				96DDBA6829CE396100165A9F /* Assets.xcassets */,
				96DDBA6A29CE396100165A9F /* Preview Content */,
			);
			path = "driver-dash-2023";
			sourceTree = "<group>";
		};
		96DDBA6A29CE396100165A9F /* Preview Content */ = {
			isa = PBXGroup;
			children = (
				96DDBA6B29CE396100165A9F /* Preview Assets.xcassets */,
			);
			path = "Preview Content";
			sourceTree = "<group>";
		};
		BFF4A6ECAE189687995DB853 /* Pods */ = {
			isa = PBXGroup;
			children = (
				CFE4A190213BDEC6F6E38190 /* Pods-driver-dash-2023.debug.xcconfig */,
				DD4C151644EEC88F59735C55 /* Pods-driver-dash-2023.release.xcconfig */,
			);
			path = Pods;
			sourceTree = "<group>";
		};
/* End PBXGroup section */

/* Begin PBXNativeTarget section */
		96DDBA6029CE396000165A9F /* driver-dash-2023 */ = {
			isa = PBXNativeTarget;
			buildConfigurationList = 96DDBA6F29CE396100165A9F /* Build configuration list for PBXNativeTarget "driver-dash-2023" */;
			buildPhases = (
				59A4CD5B85FDEE0ADFE46359 /* [CP] Check Pods Manifest.lock */,
				96DDBA5D29CE396000165A9F /* Sources */,
				96DDBA5E29CE396000165A9F /* Frameworks */,
				96DDBA5F29CE396000165A9F /* Resources */,
				75BF86CE6E4BD9F62C6611FE /* [CP] Embed Pods Frameworks */,
			);
			buildRules = (
			);
			dependencies = (
			);
			name = "driver-dash-2023";
			productName = "driver-dash-2023";
			productReference = 96DDBA6129CE396000165A9F /* DriverDash.app */;
			productType = "com.apple.product-type.application";
		};
/* End PBXNativeTarget section */

/* Begin PBXProject section */
		96DDBA5929CE396000165A9F /* Project object */ = {
			isa = PBXProject;
			attributes = {
				BuildIndependentTargetsInParallel = 1;
				LastSwiftUpdateCheck = 1420;
				LastUpgradeCheck = 1420;
				TargetAttributes = {
					96DDBA6029CE396000165A9F = {
						CreatedOnToolsVersion = 14.2;
					};
				};
			};
			buildConfigurationList = 96DDBA5C29CE396000165A9F /* Build configuration list for PBXProject "driver-dash-2023" */;
			compatibilityVersion = "Xcode 14.0";
			developmentRegion = en;
			hasScannedForEncodings = 0;
			knownRegions = (
				en,
				Base,
			);
			mainGroup = 96DDBA5829CE396000165A9F;
			productRefGroup = 96DDBA6229CE396000165A9F /* Products */;
			projectDirPath = "";
			projectRoot = "";
			targets = (
				96DDBA6029CE396000165A9F /* driver-dash-2023 */,
			);
		};
/* End PBXProject section */

/* Begin PBXResourcesBuildPhase section */
		96DDBA5F29CE396000165A9F /* Resources */ = {
			isa = PBXResourcesBuildPhase;
			buildActionMask = 2147483647;
			files = (
				96DDBA6C29CE396100165A9F /* Preview Assets.xcassets in Resources */,
				96DDBA6929CE396100165A9F /* Assets.xcassets in Resources */,
			);
			runOnlyForDeploymentPostprocessing = 0;
		};
/* End PBXResourcesBuildPhase section */

/* Begin PBXShellScriptBuildPhase section */
		59A4CD5B85FDEE0ADFE46359 /* [CP] Check Pods Manifest.lock */ = {
			isa = PBXShellScriptBuildPhase;
			buildActionMask = 2147483647;
			files = (
			);
			inputFileListPaths = (
			);
			inputPaths = (
				"${PODS_PODFILE_DIR_PATH}/Podfile.lock",
				"${PODS_ROOT}/Manifest.lock",
			);
			name = "[CP] Check Pods Manifest.lock";
			outputFileListPaths = (
			);
			outputPaths = (
				"$(DERIVED_FILE_DIR)/Pods-driver-dash-2023-checkManifestLockResult.txt",
			);
			runOnlyForDeploymentPostprocessing = 0;
			shellPath = /bin/sh;
			shellScript = "diff \"${PODS_PODFILE_DIR_PATH}/Podfile.lock\" \"${PODS_ROOT}/Manifest.lock\" > /dev/null\nif [ $? != 0 ] ; then\n    # print error to STDERR\n    echo \"error: The sandbox is not in sync with the Podfile.lock. Run 'pod install' or update your CocoaPods installation.\" >&2\n    exit 1\nfi\n# This output is used by Xcode 'outputs' to avoid re-running this script phase.\necho \"SUCCESS\" > \"${SCRIPT_OUTPUT_FILE_0}\"\n";
			showEnvVarsInLog = 0;
		};
		75BF86CE6E4BD9F62C6611FE /* [CP] Embed Pods Frameworks */ = {
			isa = PBXShellScriptBuildPhase;
			buildActionMask = 2147483647;
			files = (
			);
			inputFileListPaths = (
				"${PODS_ROOT}/Target Support Files/Pods-driver-dash-2023/Pods-driver-dash-2023-frameworks-${CONFIGURATION}-input-files.xcfilelist",
			);
			name = "[CP] Embed Pods Frameworks";
			outputFileListPaths = (
				"${PODS_ROOT}/Target Support Files/Pods-driver-dash-2023/Pods-driver-dash-2023-frameworks-${CONFIGURATION}-output-files.xcfilelist",
			);
			runOnlyForDeploymentPostprocessing = 0;
			shellPath = /bin/sh;
			shellScript = "\"${PODS_ROOT}/Target Support Files/Pods-driver-dash-2023/Pods-driver-dash-2023-frameworks.sh\"\n";
			showEnvVarsInLog = 0;
		};
/* End PBXShellScriptBuildPhase section */

/* Begin PBXSourcesBuildPhase section */
		96DDBA5D29CE396000165A9F /* Sources */ = {
			isa = PBXSourcesBuildPhase;
			buildActionMask = 2147483647;
			files = (
				96A6063C29D102E800FC98F2 /* Saving.swift in Sources */,
				96DDBA6729CE396000165A9F /* DataView.swift in Sources */,
				96DDBA7429CED51A00165A9F /* DriverDashModel.swift in Sources */,
				96DDBA6529CE396000165A9F /* DriverDash.swift in Sources */,
				96DDBA7629CF503900165A9F /* Packets.swift in Sources */,
			);
			runOnlyForDeploymentPostprocessing = 0;
		};
/* End PBXSourcesBuildPhase section */

/* Begin XCBuildConfiguration section */
		96DDBA6D29CE396100165A9F /* Debug */ = {
			isa = XCBuildConfiguration;
			buildSettings = {
				ALWAYS_SEARCH_USER_PATHS = NO;
				CLANG_ANALYZER_NONNULL = YES;
				CLANG_ANALYZER_NUMBER_OBJECT_CONVERSION = YES_AGGRESSIVE;
				CLANG_CXX_LANGUAGE_STANDARD = "gnu++20";
				CLANG_ENABLE_MODULES = YES;
				CLANG_ENABLE_OBJC_ARC = YES;
				CLANG_ENABLE_OBJC_WEAK = YES;
				CLANG_WARN_BLOCK_CAPTURE_AUTORELEASING = YES;
				CLANG_WARN_BOOL_CONVERSION = YES;
				CLANG_WARN_COMMA = YES;
				CLANG_WARN_CONSTANT_CONVERSION = YES;
				CLANG_WARN_DEPRECATED_OBJC_IMPLEMENTATIONS = YES;
				CLANG_WARN_DIRECT_OBJC_ISA_USAGE = YES_ERROR;
				CLANG_WARN_DOCUMENTATION_COMMENTS = YES;
				CLANG_WARN_EMPTY_BODY = YES;
				CLANG_WARN_ENUM_CONVERSION = YES;
				CLANG_WARN_INFINITE_RECURSION = YES;
				CLANG_WARN_INT_CONVERSION = YES;
				CLANG_WARN_NON_LITERAL_NULL_CONVERSION = YES;
				CLANG_WARN_OBJC_IMPLICIT_RETAIN_SELF = YES;
				CLANG_WARN_OBJC_LITERAL_CONVERSION = YES;
				CLANG_WARN_OBJC_ROOT_CLASS = YES_ERROR;
				CLANG_WARN_QUOTED_INCLUDE_IN_FRAMEWORK_HEADER = YES;
				CLANG_WARN_RANGE_LOOP_ANALYSIS = YES;
				CLANG_WARN_STRICT_PROTOTYPES = YES;
				CLANG_WARN_SUSPICIOUS_MOVE = YES;
				CLANG_WARN_UNGUARDED_AVAILABILITY = YES_AGGRESSIVE;
				CLANG_WARN_UNREACHABLE_CODE = YES;
				CLANG_WARN__DUPLICATE_METHOD_MATCH = YES;
				COPY_PHASE_STRIP = NO;
				DEBUG_INFORMATION_FORMAT = dwarf;
				ENABLE_STRICT_OBJC_MSGSEND = YES;
				ENABLE_TESTABILITY = YES;
				GCC_C_LANGUAGE_STANDARD = gnu11;
				GCC_DYNAMIC_NO_PIC = NO;
				GCC_NO_COMMON_BLOCKS = YES;
				GCC_OPTIMIZATION_LEVEL = 0;
				GCC_PREPROCESSOR_DEFINITIONS = (
					"DEBUG=1",
					"$(inherited)",
				);
				GCC_WARN_64_TO_32_BIT_CONVERSION = YES;
				GCC_WARN_ABOUT_RETURN_TYPE = YES_ERROR;
				GCC_WARN_UNDECLARED_SELECTOR = YES;
				GCC_WARN_UNINITIALIZED_AUTOS = YES_AGGRESSIVE;
				GCC_WARN_UNUSED_FUNCTION = YES;
				GCC_WARN_UNUSED_VARIABLE = YES;
				INFOPLIST_KEY_UIUserInterfaceStyle = Light;
				IPHONEOS_DEPLOYMENT_TARGET = 14.2;
				MTL_ENABLE_DEBUG_INFO = INCLUDE_SOURCE;
				MTL_FAST_MATH = YES;
				ONLY_ACTIVE_ARCH = YES;
				SDKROOT = iphoneos;
				SWIFT_ACTIVE_COMPILATION_CONDITIONS = DEBUG;
				SWIFT_OPTIMIZATION_LEVEL = "-Onone";
			};
			name = Debug;
		};
		96DDBA6E29CE396100165A9F /* Release */ = {
			isa = XCBuildConfiguration;
			buildSettings = {
				ALWAYS_SEARCH_USER_PATHS = NO;
				CLANG_ANALYZER_NONNULL = YES;
				CLANG_ANALYZER_NUMBER_OBJECT_CONVERSION = YES_AGGRESSIVE;
				CLANG_CXX_LANGUAGE_STANDARD = "gnu++20";
				CLANG_ENABLE_MODULES = YES;
				CLANG_ENABLE_OBJC_ARC = YES;
				CLANG_ENABLE_OBJC_WEAK = YES;
				CLANG_WARN_BLOCK_CAPTURE_AUTORELEASING = YES;
				CLANG_WARN_BOOL_CONVERSION = YES;
				CLANG_WARN_COMMA = YES;
				CLANG_WARN_CONSTANT_CONVERSION = YES;
				CLANG_WARN_DEPRECATED_OBJC_IMPLEMENTATIONS = YES;
				CLANG_WARN_DIRECT_OBJC_ISA_USAGE = YES_ERROR;
				CLANG_WARN_DOCUMENTATION_COMMENTS = YES;
				CLANG_WARN_EMPTY_BODY = YES;
				CLANG_WARN_ENUM_CONVERSION = YES;
				CLANG_WARN_INFINITE_RECURSION = YES;
				CLANG_WARN_INT_CONVERSION = YES;
				CLANG_WARN_NON_LITERAL_NULL_CONVERSION = YES;
				CLANG_WARN_OBJC_IMPLICIT_RETAIN_SELF = YES;
				CLANG_WARN_OBJC_LITERAL_CONVERSION = YES;
				CLANG_WARN_OBJC_ROOT_CLASS = YES_ERROR;
				CLANG_WARN_QUOTED_INCLUDE_IN_FRAMEWORK_HEADER = YES;
				CLANG_WARN_RANGE_LOOP_ANALYSIS = YES;
				CLANG_WARN_STRICT_PROTOTYPES = YES;
				CLANG_WARN_SUSPICIOUS_MOVE = YES;
				CLANG_WARN_UNGUARDED_AVAILABILITY = YES_AGGRESSIVE;
				CLANG_WARN_UNREACHABLE_CODE = YES;
				CLANG_WARN__DUPLICATE_METHOD_MATCH = YES;
				COPY_PHASE_STRIP = NO;
				DEBUG_INFORMATION_FORMAT = "dwarf-with-dsym";
				ENABLE_NS_ASSERTIONS = NO;
				ENABLE_STRICT_OBJC_MSGSEND = YES;
				GCC_C_LANGUAGE_STANDARD = gnu11;
				GCC_NO_COMMON_BLOCKS = YES;
				GCC_WARN_64_TO_32_BIT_CONVERSION = YES;
				GCC_WARN_ABOUT_RETURN_TYPE = YES_ERROR;
				GCC_WARN_UNDECLARED_SELECTOR = YES;
				GCC_WARN_UNINITIALIZED_AUTOS = YES_AGGRESSIVE;
				GCC_WARN_UNUSED_FUNCTION = YES;
				GCC_WARN_UNUSED_VARIABLE = YES;
				INFOPLIST_KEY_UIUserInterfaceStyle = Light;
				IPHONEOS_DEPLOYMENT_TARGET = 14.2;
				MTL_ENABLE_DEBUG_INFO = NO;
				MTL_FAST_MATH = YES;
				SDKROOT = iphoneos;
				SWIFT_COMPILATION_MODE = wholemodule;
				SWIFT_OPTIMIZATION_LEVEL = "-O";
				VALIDATE_PRODUCT = YES;
			};
			name = Release;
		};
		96DDBA7029CE396100165A9F /* Debug */ = {
			isa = XCBuildConfiguration;
			baseConfigurationReference = CFE4A190213BDEC6F6E38190 /* Pods-driver-dash-2023.debug.xcconfig */;
			buildSettings = {
				ASSETCATALOG_COMPILER_APPICON_NAME = AppIcon;
				ASSETCATALOG_COMPILER_GLOBAL_ACCENT_COLOR_NAME = AccentColor;
				CODE_SIGN_STYLE = Automatic;
				CURRENT_PROJECT_VERSION = 1;
				DEVELOPMENT_ASSET_PATHS = "\"driver-dash-2023/Preview Content\"";
				DEVELOPMENT_TEAM = 4Q2GFL24PH;
				ENABLE_PREVIEWS = YES;
				GENERATE_INFOPLIST_FILE = YES;
				INFOPLIST_FILE = "driver-dash-2023/Info.plist";
				INFOPLIST_KEY_NSLocationWhenInUseUsageDescription = "We need GPS data in case the DAQ GPS doesn't work.";
				INFOPLIST_KEY_UIApplicationSceneManifest_Generation = YES;
				INFOPLIST_KEY_UIApplicationSupportsIndirectInputEvents = YES;
				INFOPLIST_KEY_UILaunchScreen_Generation = YES;
				INFOPLIST_KEY_UISupportedInterfaceOrientations = "UIInterfaceOrientationLandscapeLeft UIInterfaceOrientationLandscapeRight";
				INFOPLIST_KEY_UISupportedInterfaceOrientations_iPad = "UIInterfaceOrientationLandscapeLeft UIInterfaceOrientationLandscapeRight UIInterfaceOrientationPortrait UIInterfaceOrientationPortraitUpsideDown";
				INFOPLIST_KEY_UIUserInterfaceStyle = Light;
				IPHONEOS_DEPLOYMENT_TARGET = 14.2;
				LD_RUNPATH_SEARCH_PATHS = (
					"$(inherited)",
					"@executable_path/Frameworks",
				);
				MARKETING_VERSION = 1.0;
				PRODUCT_BUNDLE_IDENTIFIER = "cev.driver-dash-2023";
				PRODUCT_NAME = DriverDash;
				SWIFT_EMIT_LOC_STRINGS = YES;
				SWIFT_VERSION = 5.0;
				TARGETED_DEVICE_FAMILY = "1,2";
			};
			name = Debug;
		};
		96DDBA7129CE396100165A9F /* Release */ = {
			isa = XCBuildConfiguration;
			baseConfigurationReference = DD4C151644EEC88F59735C55 /* Pods-driver-dash-2023.release.xcconfig */;
			buildSettings = {
				ASSETCATALOG_COMPILER_APPICON_NAME = AppIcon;
				ASSETCATALOG_COMPILER_GLOBAL_ACCENT_COLOR_NAME = AccentColor;
				CODE_SIGN_STYLE = Automatic;
				CURRENT_PROJECT_VERSION = 1;
				DEVELOPMENT_ASSET_PATHS = "\"driver-dash-2023/Preview Content\"";
				DEVELOPMENT_TEAM = 4Q2GFL24PH;
				ENABLE_PREVIEWS = YES;
				GENERATE_INFOPLIST_FILE = YES;
				INFOPLIST_FILE = "driver-dash-2023/Info.plist";
				INFOPLIST_KEY_NSLocationWhenInUseUsageDescription = "We need GPS data in case the DAQ GPS doesn't work.";
				INFOPLIST_KEY_UIApplicationSceneManifest_Generation = YES;
				INFOPLIST_KEY_UIApplicationSupportsIndirectInputEvents = YES;
				INFOPLIST_KEY_UILaunchScreen_Generation = YES;
				INFOPLIST_KEY_UISupportedInterfaceOrientations = "UIInterfaceOrientationLandscapeLeft UIInterfaceOrientationLandscapeRight";
				INFOPLIST_KEY_UISupportedInterfaceOrientations_iPad = "UIInterfaceOrientationLandscapeLeft UIInterfaceOrientationLandscapeRight UIInterfaceOrientationPortrait UIInterfaceOrientationPortraitUpsideDown";
				INFOPLIST_KEY_UIUserInterfaceStyle = Light;
				IPHONEOS_DEPLOYMENT_TARGET = 14.2;
				LD_RUNPATH_SEARCH_PATHS = (
					"$(inherited)",
					"@executable_path/Frameworks",
				);
				MARKETING_VERSION = 1.0;
				PRODUCT_BUNDLE_IDENTIFIER = "cev.driver-dash-2023";
				PRODUCT_NAME = DriverDash;
				SWIFT_EMIT_LOC_STRINGS = YES;
				SWIFT_VERSION = 5.0;
				TARGETED_DEVICE_FAMILY = "1,2";
			};
			name = Release;
		};
/* End XCBuildConfiguration section */

/* Begin XCConfigurationList section */
		96DDBA5C29CE396000165A9F /* Build configuration list for PBXProject "driver-dash-2023" */ = {
			isa = XCConfigurationList;
			buildConfigurations = (
				96DDBA6D29CE396100165A9F /* Debug */,
				96DDBA6E29CE396100165A9F /* Release */,
			);
			defaultConfigurationIsVisible = 0;
			defaultConfigurationName = Release;
		};
		96DDBA6F29CE396100165A9F /* Build configuration list for PBXNativeTarget "driver-dash-2023" */ = {
			isa = XCConfigurationList;
			buildConfigurations = (
				96DDBA7029CE396100165A9F /* Debug */,
				96DDBA7129CE396100165A9F /* Release */,
			);
			defaultConfigurationIsVisible = 0;
			defaultConfigurationName = Release;
		};
/* End XCConfigurationList section */
	};
	rootObject = 96DDBA5929CE396000165A9F /* Project object */;
}
